
Microsoft Visual Studio Solution File, Format Version 12.00
# Visual Studio 15
VisualStudioVersion = 15.0.27703.2026
MinimumVisualStudioVersion = 10.0.40219.1
Project("{FAE04EC0-301F-11D3-BF4B-00C04F79EFBC}") = "AppStart", "AppStart\AppStart.csproj", "{03D8A721-C80A-4B7F-B2D8-B2CCAD91F931}"
EndProject
Project("{FAE04EC0-301F-11D3-BF4B-00C04F79EFBC}") = "AppStart.Tests", "AppStart.Tests\AppStart.Tests.csproj", "{AB384146-CCD0-426F-BEAB-D699E529B391}"
EndProject
Global
	GlobalSection(SolutionConfigurationPlatforms) = preSolution
		Debug|Any CPU = Debug|Any CPU
		Release|Any CPU = Release|Any CPU
	EndGlobalSection
	GlobalSection(ProjectConfigurationPlatforms) = postSolution
		{03D8A721-C80A-4B7F-B2D8-B2CCAD91F931}.Debug|Any CPU.ActiveCfg = Debug|Any CPU
		{03D8A721-C80A-4B7F-B2D8-B2CCAD91F931}.Debug|Any CPU.Build.0 = Debug|Any CPU
		{03D8A721-C80A-4B7F-B2D8-B2CCAD91F931}.Release|Any CPU.ActiveCfg = Release|Any CPU
		{03D8A721-C80A-4B7F-B2D8-B2CCAD91F931}.Release|Any CPU.Build.0 = Release|Any CPU
		{AB384146-CCD0-426F-BEAB-D699E529B391}.Debug|Any CPU.ActiveCfg = Debug|Any CPU
		{AB384146-CCD0-426F-BEAB-D699E529B391}.Debug|Any CPU.Build.0 = Debug|Any CPU
		{AB384146-CCD0-426F-BEAB-D699E529B391}.Release|Any CPU.ActiveCfg = Release|Any CPU
		{AB384146-CCD0-426F-BEAB-D699E529B391}.Release|Any CPU.Build.0 = Release|Any CPU
	EndGlobalSection
	GlobalSection(SolutionProperties) = preSolution
		HideSolutionNode = FALSE
	EndGlobalSection
	GlobalSection(ExtensibilityGlobals) = postSolution
		SolutionGuid = {17F8DE9A-DB37-46EF-A763-C3CC2DF1F12F}
	EndGlobalSection
EndGlobal
